
Microsoft Visual Studio Solution File, Format Version 12.00
# Visual Studio 15
VisualStudioVersion = 15.0.28307.489
MinimumVisualStudioVersion = 10.0.40219.1
Project("{FAE04EC0-301F-11D3-BF4B-00C04F79EFBC}") = "BlobLoader", "BlobLoader\BlobLoader.csproj", "{3553BCFC-25F2-4ABD-8358-D9F2FF5FED44}"
EndProject
Global
	GlobalSection(SolutionConfigurationPlatforms) = preSolution
		Debug|Any CPU = Debug|Any CPU
		Release|Any CPU = Release|Any CPU
	EndGlobalSection
	GlobalSection(ProjectConfigurationPlatforms) = postSolution
		{3553BCFC-25F2-4ABD-8358-D9F2FF5FED44}.Debug|Any CPU.ActiveCfg = Debug|Any CPU
		{3553BCFC-25F2-4ABD-8358-D9F2FF5FED44}.Debug|Any CPU.Build.0 = Debug|Any CPU
		{3553BCFC-25F2-4ABD-8358-D9F2FF5FED44}.Release|Any CPU.ActiveCfg = Release|Any CPU
		{3553BCFC-25F2-4ABD-8358-D9F2FF5FED44}.Release|Any CPU.Build.0 = Release|Any CPU
	EndGlobalSection
	GlobalSection(SolutionProperties) = preSolution
		HideSolutionNode = FALSE
	EndGlobalSection
	GlobalSection(ExtensibilityGlobals) = postSolution
		SolutionGuid = {99E8BB7D-C84C-4BA1-BEB9-C843DC104526}
	EndGlobalSection
EndGlobal
